// !$*UTF8*$!
{
	archiveVersion = 1;
	classes = {
	};
	objectVersion = 51;
	objects = {

/* Begin PBXBuildFile section */
		2A6026257D97C20144AD776B /* Pods_ParstagramTests.framework in Frameworks */ = {isa = PBXBuildFile; fileRef = 02E3C1ADB60A9A8E13FD5417 /* Pods_ParstagramTests.framework */; };
		358296F3207A9D4D9C52B4C0 /* Pods_Parstagram.framework in Frameworks */ = {isa = PBXBuildFile; fileRef = 172EBA9F73F7D5FF2197314F /* Pods_Parstagram.framework */; };
		655CC2E2B145BD97F85EDE7C /* Pods_Parstagram_ParstagramUITests.framework in Frameworks */ = {isa = PBXBuildFile; fileRef = 90E82E1DC69EF7D37EDF347F /* Pods_Parstagram_ParstagramUITests.framework */; };
		F6BEABBF240859B600FF7E5F /* AppDelegate.swift in Sources */ = {isa = PBXBuildFile; fileRef = F6BEABBE240859B600FF7E5F /* AppDelegate.swift */; };
		F6BEABC1240859B600FF7E5F /* SceneDelegate.swift in Sources */ = {isa = PBXBuildFile; fileRef = F6BEABC0240859B600FF7E5F /* SceneDelegate.swift */; };
		F6BEABC6240859B600FF7E5F /* Main.storyboard in Resources */ = {isa = PBXBuildFile; fileRef = F6BEABC4240859B600FF7E5F /* Main.storyboard */; };
		F6BEABC8240859B700FF7E5F /* Assets.xcassets in Resources */ = {isa = PBXBuildFile; fileRef = F6BEABC7240859B700FF7E5F /* Assets.xcassets */; };
		F6BEABCB240859B700FF7E5F /* LaunchScreen.storyboard in Resources */ = {isa = PBXBuildFile; fileRef = F6BEABC9240859B700FF7E5F /* LaunchScreen.storyboard */; };
		F6BEABD6240859B800FF7E5F /* ParstagramTests.swift in Sources */ = {isa = PBXBuildFile; fileRef = F6BEABD5240859B800FF7E5F /* ParstagramTests.swift */; };
		F6BEABE1240859B800FF7E5F /* ParstagramUITests.swift in Sources */ = {isa = PBXBuildFile; fileRef = F6BEABE0240859B800FF7E5F /* ParstagramUITests.swift */; };
		F6BEABEF24086F8000FF7E5F /* LoginViewController.swift in Sources */ = {isa = PBXBuildFile; fileRef = F6BEABEE24086F8000FF7E5F /* LoginViewController.swift */; };
		F6BEABF124086F8C00FF7E5F /* FeedViewController.swift in Sources */ = {isa = PBXBuildFile; fileRef = F6BEABF024086F8C00FF7E5F /* FeedViewController.swift */; };
		F6BEABF32408ABD300FF7E5F /* CameraViewController.swift in Sources */ = {isa = PBXBuildFile; fileRef = F6BEABF22408ABD300FF7E5F /* CameraViewController.swift */; };
		F6BEABF52408C09C00FF7E5F /* PostCell.swift in Sources */ = {isa = PBXBuildFile; fileRef = F6BEABF42408C09C00FF7E5F /* PostCell.swift */; };
/* End PBXBuildFile section */

/* Begin PBXContainerItemProxy section */
		F6BEABD2240859B800FF7E5F /* PBXContainerItemProxy */ = {
			isa = PBXContainerItemProxy;
			containerPortal = F6BEABB3240859B600FF7E5F /* Project object */;
			proxyType = 1;
			remoteGlobalIDString = F6BEABBA240859B600FF7E5F;
			remoteInfo = Parstagram;
		};
		F6BEABDD240859B800FF7E5F /* PBXContainerItemProxy */ = {
			isa = PBXContainerItemProxy;
			containerPortal = F6BEABB3240859B600FF7E5F /* Project object */;
			proxyType = 1;
			remoteGlobalIDString = F6BEABBA240859B600FF7E5F;
			remoteInfo = Parstagram;
		};
/* End PBXContainerItemProxy section */

/* Begin PBXFileReference section */
		02E3C1ADB60A9A8E13FD5417 /* Pods_ParstagramTests.framework */ = {isa = PBXFileReference; explicitFileType = wrapper.framework; includeInIndex = 0; path = Pods_ParstagramTests.framework; sourceTree = BUILT_PRODUCTS_DIR; };
		172EBA9F73F7D5FF2197314F /* Pods_Parstagram.framework */ = {isa = PBXFileReference; explicitFileType = wrapper.framework; includeInIndex = 0; path = Pods_Parstagram.framework; sourceTree = BUILT_PRODUCTS_DIR; };
		42472DBC585E83DD13BCD323 /* Pods-ParstagramTests.release.xcconfig */ = {isa = PBXFileReference; includeInIndex = 1; lastKnownFileType = text.xcconfig; name = "Pods-ParstagramTests.release.xcconfig"; path = "Target Support Files/Pods-ParstagramTests/Pods-ParstagramTests.release.xcconfig"; sourceTree = "<group>"; };
		7A1F8B2B4992CBABC2D732C6 /* Pods-ParstagramTests.debug.xcconfig */ = {isa = PBXFileReference; includeInIndex = 1; lastKnownFileType = text.xcconfig; name = "Pods-ParstagramTests.debug.xcconfig"; path = "Target Support Files/Pods-ParstagramTests/Pods-ParstagramTests.debug.xcconfig"; sourceTree = "<group>"; };
		89F85D787E8B1CC53A8EFC7D /* Pods-Parstagram-ParstagramUITests.debug.xcconfig */ = {isa = PBXFileReference; includeInIndex = 1; lastKnownFileType = text.xcconfig; name = "Pods-Parstagram-ParstagramUITests.debug.xcconfig"; path = "Target Support Files/Pods-Parstagram-ParstagramUITests/Pods-Parstagram-ParstagramUITests.debug.xcconfig"; sourceTree = "<group>"; };
		8F5FE0B3F7E2D0C33DEE55F4 /* Pods-Parstagram-ParstagramUITests.release.xcconfig */ = {isa = PBXFileReference; includeInIndex = 1; lastKnownFileType = text.xcconfig; name = "Pods-Parstagram-ParstagramUITests.release.xcconfig"; path = "Target Support Files/Pods-Parstagram-ParstagramUITests/Pods-Parstagram-ParstagramUITests.release.xcconfig"; sourceTree = "<group>"; };
		90E82E1DC69EF7D37EDF347F /* Pods_Parstagram_ParstagramUITests.framework */ = {isa = PBXFileReference; explicitFileType = wrapper.framework; includeInIndex = 0; path = Pods_Parstagram_ParstagramUITests.framework; sourceTree = BUILT_PRODUCTS_DIR; };
		E6FD3ADC7D2F38348EAF384C /* Pods-Parstagram.release.xcconfig */ = {isa = PBXFileReference; includeInIndex = 1; lastKnownFileType = text.xcconfig; name = "Pods-Parstagram.release.xcconfig"; path = "Target Support Files/Pods-Parstagram/Pods-Parstagram.release.xcconfig"; sourceTree = "<group>"; };
		E8C7D68C3078F1B494E041D6 /* Pods-Parstagram.debug.xcconfig */ = {isa = PBXFileReference; includeInIndex = 1; lastKnownFileType = text.xcconfig; name = "Pods-Parstagram.debug.xcconfig"; path = "Target Support Files/Pods-Parstagram/Pods-Parstagram.debug.xcconfig"; sourceTree = "<group>"; };
		F6BEABBB240859B600FF7E5F /* Parstagram.app */ = {isa = PBXFileReference; explicitFileType = wrapper.application; includeInIndex = 0; path = Parstagram.app; sourceTree = BUILT_PRODUCTS_DIR; };
		F6BEABBE240859B600FF7E5F /* AppDelegate.swift */ = {isa = PBXFileReference; lastKnownFileType = sourcecode.swift; path = AppDelegate.swift; sourceTree = "<group>"; };
		F6BEABC0240859B600FF7E5F /* SceneDelegate.swift */ = {isa = PBXFileReference; lastKnownFileType = sourcecode.swift; path = SceneDelegate.swift; sourceTree = "<group>"; };
		F6BEABC5240859B600FF7E5F /* Base */ = {isa = PBXFileReference; lastKnownFileType = file.storyboard; name = Base; path = Base.lproj/Main.storyboard; sourceTree = "<group>"; };
		F6BEABC7240859B700FF7E5F /* Assets.xcassets */ = {isa = PBXFileReference; lastKnownFileType = folder.assetcatalog; path = Assets.xcassets; sourceTree = "<group>"; };
		F6BEABCA240859B700FF7E5F /* Base */ = {isa = PBXFileReference; lastKnownFileType = file.storyboard; name = Base; path = Base.lproj/LaunchScreen.storyboard; sourceTree = "<group>"; };
		F6BEABCC240859B700FF7E5F /* Info.plist */ = {isa = PBXFileReference; lastKnownFileType = text.plist.xml; path = Info.plist; sourceTree = "<group>"; };
		F6BEABD1240859B800FF7E5F /* ParstagramTests.xctest */ = {isa = PBXFileReference; explicitFileType = wrapper.cfbundle; includeInIndex = 0; path = ParstagramTests.xctest; sourceTree = BUILT_PRODUCTS_DIR; };
		F6BEABD5240859B800FF7E5F /* ParstagramTests.swift */ = {isa = PBXFileReference; lastKnownFileType = sourcecode.swift; path = ParstagramTests.swift; sourceTree = "<group>"; };
		F6BEABD7240859B800FF7E5F /* Info.plist */ = {isa = PBXFileReference; lastKnownFileType = text.plist.xml; path = Info.plist; sourceTree = "<group>"; };
		F6BEABDC240859B800FF7E5F /* ParstagramUITests.xctest */ = {isa = PBXFileReference; explicitFileType = wrapper.cfbundle; includeInIndex = 0; path = ParstagramUITests.xctest; sourceTree = BUILT_PRODUCTS_DIR; };
		F6BEABE0240859B800FF7E5F /* ParstagramUITests.swift */ = {isa = PBXFileReference; lastKnownFileType = sourcecode.swift; path = ParstagramUITests.swift; sourceTree = "<group>"; };
		F6BEABE2240859B800FF7E5F /* Info.plist */ = {isa = PBXFileReference; lastKnownFileType = text.plist.xml; path = Info.plist; sourceTree = "<group>"; };
		F6BEABEE24086F8000FF7E5F /* LoginViewController.swift */ = {isa = PBXFileReference; lastKnownFileType = sourcecode.swift; path = LoginViewController.swift; sourceTree = "<group>"; };
		F6BEABF024086F8C00FF7E5F /* FeedViewController.swift */ = {isa = PBXFileReference; lastKnownFileType = sourcecode.swift; path = FeedViewController.swift; sourceTree = "<group>"; };
		F6BEABF22408ABD300FF7E5F /* CameraViewController.swift */ = {isa = PBXFileReference; lastKnownFileType = sourcecode.swift; path = CameraViewController.swift; sourceTree = "<group>"; };
		F6BEABF42408C09C00FF7E5F /* PostCell.swift */ = {isa = PBXFileReference; lastKnownFileType = sourcecode.swift; path = PostCell.swift; sourceTree = "<group>"; };
/* End PBXFileReference section */

/* Begin PBXFrameworksBuildPhase section */
		F6BEABB8240859B600FF7E5F /* Frameworks */ = {
			isa = PBXFrameworksBuildPhase;
			buildActionMask = 2147483647;
			files = (
				358296F3207A9D4D9C52B4C0 /* Pods_Parstagram.framework in Frameworks */,
			);
			runOnlyForDeploymentPostprocessing = 0;
		};
		F6BEABCE240859B800FF7E5F /* Frameworks */ = {
			isa = PBXFrameworksBuildPhase;
			buildActionMask = 2147483647;
			files = (
				2A6026257D97C20144AD776B /* Pods_ParstagramTests.framework in Frameworks */,
			);
			runOnlyForDeploymentPostprocessing = 0;
		};
		F6BEABD9240859B800FF7E5F /* Frameworks */ = {
			isa = PBXFrameworksBuildPhase;
			buildActionMask = 2147483647;
			files = (
				655CC2E2B145BD97F85EDE7C /* Pods_Parstagram_ParstagramUITests.framework in Frameworks */,
			);
			runOnlyForDeploymentPostprocessing = 0;
		};
/* End PBXFrameworksBuildPhase section */

/* Begin PBXGroup section */
		56DFB860CBEDC50E2765476E /* Frameworks */ = {
			isa = PBXGroup;
			children = (
				172EBA9F73F7D5FF2197314F /* Pods_Parstagram.framework */,
				90E82E1DC69EF7D37EDF347F /* Pods_Parstagram_ParstagramUITests.framework */,
				02E3C1ADB60A9A8E13FD5417 /* Pods_ParstagramTests.framework */,
			);
			name = Frameworks;
			sourceTree = "<group>";
		};
		D9FD7232279370F433D22A32 /* Pods */ = {
			isa = PBXGroup;
			children = (
				E8C7D68C3078F1B494E041D6 /* Pods-Parstagram.debug.xcconfig */,
				E6FD3ADC7D2F38348EAF384C /* Pods-Parstagram.release.xcconfig */,
				89F85D787E8B1CC53A8EFC7D /* Pods-Parstagram-ParstagramUITests.debug.xcconfig */,
				8F5FE0B3F7E2D0C33DEE55F4 /* Pods-Parstagram-ParstagramUITests.release.xcconfig */,
				7A1F8B2B4992CBABC2D732C6 /* Pods-ParstagramTests.debug.xcconfig */,
				42472DBC585E83DD13BCD323 /* Pods-ParstagramTests.release.xcconfig */,
			);
			path = Pods;
			sourceTree = "<group>";
		};
		F6BEABB2240859B600FF7E5F = {
			isa = PBXGroup;
			children = (
				F6BEABBD240859B600FF7E5F /* Parstagram */,
				F6BEABD4240859B800FF7E5F /* ParstagramTests */,
				F6BEABDF240859B800FF7E5F /* ParstagramUITests */,
				F6BEABBC240859B600FF7E5F /* Products */,
				D9FD7232279370F433D22A32 /* Pods */,
				56DFB860CBEDC50E2765476E /* Frameworks */,
			);
			sourceTree = "<group>";
		};
		F6BEABBC240859B600FF7E5F /* Products */ = {
			isa = PBXGroup;
			children = (
				F6BEABBB240859B600FF7E5F /* Parstagram.app */,
				F6BEABD1240859B800FF7E5F /* ParstagramTests.xctest */,
				F6BEABDC240859B800FF7E5F /* ParstagramUITests.xctest */,
			);
			name = Products;
			sourceTree = "<group>";
		};
		F6BEABBD240859B600FF7E5F /* Parstagram */ = {
			isa = PBXGroup;
			children = (
				F6BEABBE240859B600FF7E5F /* AppDelegate.swift */,
				F6BEABC0240859B600FF7E5F /* SceneDelegate.swift */,
				F6BEABC4240859B600FF7E5F /* Main.storyboard */,
				F6BEABC7240859B700FF7E5F /* Assets.xcassets */,
				F6BEABC9240859B700FF7E5F /* LaunchScreen.storyboard */,
				F6BEABCC240859B700FF7E5F /* Info.plist */,
				F6BEABEE24086F8000FF7E5F /* LoginViewController.swift */,
				F6BEABF024086F8C00FF7E5F /* FeedViewController.swift */,
				F6BEABF22408ABD300FF7E5F /* CameraViewController.swift */,
				F6BEABF42408C09C00FF7E5F /* PostCell.swift */,
			);
			path = Parstagram;
			sourceTree = "<group>";
		};
		F6BEABD4240859B800FF7E5F /* ParstagramTests */ = {
			isa = PBXGroup;
			children = (
				F6BEABD5240859B800FF7E5F /* ParstagramTests.swift */,
				F6BEABD7240859B800FF7E5F /* Info.plist */,
			);
			path = ParstagramTests;
			sourceTree = "<group>";
		};
		F6BEABDF240859B800FF7E5F /* ParstagramUITests */ = {
			isa = PBXGroup;
			children = (
				F6BEABE0240859B800FF7E5F /* ParstagramUITests.swift */,
				F6BEABE2240859B800FF7E5F /* Info.plist */,
			);
			path = ParstagramUITests;
			sourceTree = "<group>";
		};
/* End PBXGroup section */

/* Begin PBXNativeTarget section */
		F6BEABBA240859B600FF7E5F /* Parstagram */ = {
			isa = PBXNativeTarget;
			buildConfigurationList = F6BEABE5240859B800FF7E5F /* Build configuration list for PBXNativeTarget "Parstagram" */;
			buildPhases = (
				81455960E6D6822D85A0A3E1 /* [CP] Check Pods Manifest.lock */,
				F6BEABB7240859B600FF7E5F /* Sources */,
				F6BEABB8240859B600FF7E5F /* Frameworks */,
				F6BEABB9240859B600FF7E5F /* Resources */,
				245FE1293C86D9BE60E2831E /* [CP] Embed Pods Frameworks */,
			);
			buildRules = (
			);
			dependencies = (
			);
			name = Parstagram;
			productName = Parstagram;
			productReference = F6BEABBB240859B600FF7E5F /* Parstagram.app */;
			productType = "com.apple.product-type.application";
		};
		F6BEABD0240859B800FF7E5F /* ParstagramTests */ = {
			isa = PBXNativeTarget;
			buildConfigurationList = F6BEABE8240859B800FF7E5F /* Build configuration list for PBXNativeTarget "ParstagramTests" */;
			buildPhases = (
				943FAF30BE577371F9EF45D4 /* [CP] Check Pods Manifest.lock */,
				F6BEABCD240859B800FF7E5F /* Sources */,
				F6BEABCE240859B800FF7E5F /* Frameworks */,
				F6BEABCF240859B800FF7E5F /* Resources */,
			);
			buildRules = (
			);
			dependencies = (
				F6BEABD3240859B800FF7E5F /* PBXTargetDependency */,
			);
			name = ParstagramTests;
			productName = ParstagramTests;
			productReference = F6BEABD1240859B800FF7E5F /* ParstagramTests.xctest */;
			productType = "com.apple.product-type.bundle.unit-test";
		};
		F6BEABDB240859B800FF7E5F /* ParstagramUITests */ = {
			isa = PBXNativeTarget;
			buildConfigurationList = F6BEABEB240859B800FF7E5F /* Build configuration list for PBXNativeTarget "ParstagramUITests" */;
			buildPhases = (
				022EF2C106EA8431542FBCFB /* [CP] Check Pods Manifest.lock */,
				F6BEABD8240859B800FF7E5F /* Sources */,
				F6BEABD9240859B800FF7E5F /* Frameworks */,
				F6BEABDA240859B800FF7E5F /* Resources */,
				858B2C0D2AC3275A266150F4 /* [CP] Embed Pods Frameworks */,
			);
			buildRules = (
			);
			dependencies = (
				F6BEABDE240859B800FF7E5F /* PBXTargetDependency */,
			);
			name = ParstagramUITests;
			productName = ParstagramUITests;
			productReference = F6BEABDC240859B800FF7E5F /* ParstagramUITests.xctest */;
			productType = "com.apple.product-type.bundle.ui-testing";
		};
/* End PBXNativeTarget section */

/* Begin PBXProject section */
		F6BEABB3240859B600FF7E5F /* Project object */ = {
			isa = PBXProject;
			attributes = {
				LastSwiftUpdateCheck = 1130;
				LastUpgradeCheck = 1130;
				ORGANIZATIONNAME = "Ervin Del Cid";
				TargetAttributes = {
					F6BEABBA240859B600FF7E5F = {
						CreatedOnToolsVersion = 11.3.1;
					};
					F6BEABD0240859B800FF7E5F = {
						CreatedOnToolsVersion = 11.3.1;
						TestTargetID = F6BEABBA240859B600FF7E5F;
					};
					F6BEABDB240859B800FF7E5F = {
						CreatedOnToolsVersion = 11.3.1;
						TestTargetID = F6BEABBA240859B600FF7E5F;
					};
				};
			};
			buildConfigurationList = F6BEABB6240859B600FF7E5F /* Build configuration list for PBXProject "Parstagram" */;
			compatibilityVersion = "Xcode 9.3";
			developmentRegion = en;
			hasScannedForEncodings = 0;
			knownRegions = (
				en,
				Base,
			);
			mainGroup = F6BEABB2240859B600FF7E5F;
			productRefGroup = F6BEABBC240859B600FF7E5F /* Products */;
			projectDirPath = "";
			projectRoot = "";
			targets = (
				F6BEABBA240859B600FF7E5F /* Parstagram */,
				F6BEABD0240859B800FF7E5F /* ParstagramTests */,
				F6BEABDB240859B800FF7E5F /* ParstagramUITests */,
			);
		};
/* End PBXProject section */

/* Begin PBXResourcesBuildPhase section */
		F6BEABB9240859B600FF7E5F /* Resources */ = {
			isa = PBXResourcesBuildPhase;
			buildActionMask = 2147483647;
			files = (
				F6BEABCB240859B700FF7E5F /* LaunchScreen.storyboard in Resources */,
				F6BEABC8240859B700FF7E5F /* Assets.xcassets in Resources */,
				F6BEABC6240859B600FF7E5F /* Main.storyboard in Resources */,
			);
			runOnlyForDeploymentPostprocessing = 0;
		};
		F6BEABCF240859B800FF7E5F /* Resources */ = {
			isa = PBXResourcesBuildPhase;
			buildActionMask = 2147483647;
			files = (
			);
			runOnlyForDeploymentPostprocessing = 0;
		};
		F6BEABDA240859B800FF7E5F /* Resources */ = {
			isa = PBXResourcesBuildPhase;
			buildActionMask = 2147483647;
			files = (
			);
			runOnlyForDeploymentPostprocessing = 0;
		};
/* End PBXResourcesBuildPhase section */

/* Begin PBXShellScriptBuildPhase section */
		022EF2C106EA8431542FBCFB /* [CP] Check Pods Manifest.lock */ = {
			isa = PBXShellScriptBuildPhase;
			buildActionMask = 2147483647;
			files = (
			);
			inputFileListPaths = (
			);
			inputPaths = (
				"${PODS_PODFILE_DIR_PATH}/Podfile.lock",
				"${PODS_ROOT}/Manifest.lock",
			);
			name = "[CP] Check Pods Manifest.lock";
			outputFileListPaths = (
			);
			outputPaths = (
				"$(DERIVED_FILE_DIR)/Pods-Parstagram-ParstagramUITests-checkManifestLockResult.txt",
			);
			runOnlyForDeploymentPostprocessing = 0;
			shellPath = /bin/sh;
			shellScript = "diff \"${PODS_PODFILE_DIR_PATH}/Podfile.lock\" \"${PODS_ROOT}/Manifest.lock\" > /dev/null\nif [ $? != 0 ] ; then\n    # print error to STDERR\n    echo \"error: The sandbox is not in sync with the Podfile.lock. Run 'pod install' or update your CocoaPods installation.\" >&2\n    exit 1\nfi\n# This output is used by Xcode 'outputs' to avoid re-running this script phase.\necho \"SUCCESS\" > \"${SCRIPT_OUTPUT_FILE_0}\"\n";
			showEnvVarsInLog = 0;
		};
		245FE1293C86D9BE60E2831E /* [CP] Embed Pods Frameworks */ = {
			isa = PBXShellScriptBuildPhase;
			buildActionMask = 2147483647;
			files = (
			);
			inputFileListPaths = (
				"${PODS_ROOT}/Target Support Files/Pods-Parstagram/Pods-Parstagram-frameworks-${CONFIGURATION}-input-files.xcfilelist",
			);
			name = "[CP] Embed Pods Frameworks";
			outputFileListPaths = (
				"${PODS_ROOT}/Target Support Files/Pods-Parstagram/Pods-Parstagram-frameworks-${CONFIGURATION}-output-files.xcfilelist",
			);
			runOnlyForDeploymentPostprocessing = 0;
			shellPath = /bin/sh;
			shellScript = "\"${PODS_ROOT}/Target Support Files/Pods-Parstagram/Pods-Parstagram-frameworks.sh\"\n";
			showEnvVarsInLog = 0;
		};
		81455960E6D6822D85A0A3E1 /* [CP] Check Pods Manifest.lock */ = {
			isa = PBXShellScriptBuildPhase;
			buildActionMask = 2147483647;
			files = (
			);
			inputFileListPaths = (
			);
			inputPaths = (
				"${PODS_PODFILE_DIR_PATH}/Podfile.lock",
				"${PODS_ROOT}/Manifest.lock",
			);
			name = "[CP] Check Pods Manifest.lock";
			outputFileListPaths = (
			);
			outputPaths = (
				"$(DERIVED_FILE_DIR)/Pods-Parstagram-checkManifestLockResult.txt",
			);
			runOnlyForDeploymentPostprocessing = 0;
			shellPath = /bin/sh;
			shellScript = "diff \"${PODS_PODFILE_DIR_PATH}/Podfile.lock\" \"${PODS_ROOT}/Manifest.lock\" > /dev/null\nif [ $? != 0 ] ; then\n    # print error to STDERR\n    echo \"error: The sandbox is not in sync with the Podfile.lock. Run 'pod install' or update your CocoaPods installation.\" >&2\n    exit 1\nfi\n# This output is used by Xcode 'outputs' to avoid re-running this script phase.\necho \"SUCCESS\" > \"${SCRIPT_OUTPUT_FILE_0}\"\n";
			showEnvVarsInLog = 0;
		};
		858B2C0D2AC3275A266150F4 /* [CP] Embed Pods Frameworks */ = {
			isa = PBXShellScriptBuildPhase;
			buildActionMask = 2147483647;
			files = (
			);
			inputFileListPaths = (
				"${PODS_ROOT}/Target Support Files/Pods-Parstagram-ParstagramUITests/Pods-Parstagram-ParstagramUITests-frameworks-${CONFIGURATION}-input-files.xcfilelist",
			);
			name = "[CP] Embed Pods Frameworks";
			outputFileListPaths = (
				"${PODS_ROOT}/Target Support Files/Pods-Parstagram-ParstagramUITests/Pods-Parstagram-ParstagramUITests-frameworks-${CONFIGURATION}-output-files.xcfilelist",
			);
			runOnlyForDeploymentPostprocessing = 0;
			shellPath = /bin/sh;
			shellScript = "\"${PODS_ROOT}/Target Support Files/Pods-Parstagram-ParstagramUITests/Pods-Parstagram-ParstagramUITests-frameworks.sh\"\n";
			showEnvVarsInLog = 0;
		};
		943FAF30BE577371F9EF45D4 /* [CP] Check Pods Manifest.lock */ = {
			isa = PBXShellScriptBuildPhase;
			buildActionMask = 2147483647;
			files = (
			);
			inputFileListPaths = (
			);
			inputPaths = (
				"${PODS_PODFILE_DIR_PATH}/Podfile.lock",
				"${PODS_ROOT}/Manifest.lock",
			);
			name = "[CP] Check Pods Manifest.lock";
			outputFileListPaths = (
			);
			outputPaths = (
				"$(DERIVED_FILE_DIR)/Pods-ParstagramTests-checkManifestLockResult.txt",
			);
			runOnlyForDeploymentPostprocessing = 0;
			shellPath = /bin/sh;
			shellScript = "diff \"${PODS_PODFILE_DIR_PATH}/Podfile.lock\" \"${PODS_ROOT}/Manifest.lock\" > /dev/null\nif [ $? != 0 ] ; then\n    # print error to STDERR\n    echo \"error: The sandbox is not in sync with the Podfile.lock. Run 'pod install' or update your CocoaPods installation.\" >&2\n    exit 1\nfi\n# This output is used by Xcode 'outputs' to avoid re-running this script phase.\necho \"SUCCESS\" > \"${SCRIPT_OUTPUT_FILE_0}\"\n";
			showEnvVarsInLog = 0;
		};
/* End PBXShellScriptBuildPhase section */

/* Begin PBXSourcesBuildPhase section */
		F6BEABB7240859B600FF7E5F /* Sources */ = {
			isa = PBXSourcesBuildPhase;
			buildActionMask = 2147483647;
			files = (
				F6BEABEF24086F8000FF7E5F /* LoginViewController.swift in Sources */,
				F6BEABF32408ABD300FF7E5F /* CameraViewController.swift in Sources */,
				F6BEABBF240859B600FF7E5F /* AppDelegate.swift in Sources */,
				F6BEABF124086F8C00FF7E5F /* FeedViewController.swift in Sources */,
				F6BEABC1240859B600FF7E5F /* SceneDelegate.swift in Sources */,
				F6BEABF52408C09C00FF7E5F /* PostCell.swift in Sources */,
			);
			runOnlyForDeploymentPostprocessing = 0;
		};
		F6BEABCD240859B800FF7E5F /* Sources */ = {
			isa = PBXSourcesBuildPhase;
			buildActionMask = 2147483647;
			files = (
				F6BEABD6240859B800FF7E5F /* ParstagramTests.swift in Sources */,
			);
			runOnlyForDeploymentPostprocessing = 0;
		};
		F6BEABD8240859B800FF7E5F /* Sources */ = {
			isa = PBXSourcesBuildPhase;
			buildActionMask = 2147483647;
			files = (
				F6BEABE1240859B800FF7E5F /* ParstagramUITests.swift in Sources */,
			);
			runOnlyForDeploymentPostprocessing = 0;
		};
/* End PBXSourcesBuildPhase section */

/* Begin PBXTargetDependency section */
		F6BEABD3240859B800FF7E5F /* PBXTargetDependency */ = {
			isa = PBXTargetDependency;
			target = F6BEABBA240859B600FF7E5F /* Parstagram */;
			targetProxy = F6BEABD2240859B800FF7E5F /* PBXContainerItemProxy */;
		};
		F6BEABDE240859B800FF7E5F /* PBXTargetDependency */ = {
			isa = PBXTargetDependency;
			target = F6BEABBA240859B600FF7E5F /* Parstagram */;
			targetProxy = F6BEABDD240859B800FF7E5F /* PBXContainerItemProxy */;
		};
/* End PBXTargetDependency section */

/* Begin PBXVariantGroup section */
		F6BEABC4240859B600FF7E5F /* Main.storyboard */ = {
			isa = PBXVariantGroup;
			children = (
				F6BEABC5240859B600FF7E5F /* Base */,
			);
			name = Main.storyboard;
			sourceTree = "<group>";
		};
		F6BEABC9240859B700FF7E5F /* LaunchScreen.storyboard */ = {
			isa = PBXVariantGroup;
			children = (
				F6BEABCA240859B700FF7E5F /* Base */,
			);
			name = LaunchScreen.storyboard;
			sourceTree = "<group>";
		};
/* End PBXVariantGroup section */

/* Begin XCBuildConfiguration section */
		F6BEABE3240859B800FF7E5F /* Debug */ = {
			isa = XCBuildConfiguration;
			buildSettings = {
				ALWAYS_SEARCH_USER_PATHS = NO;
				CLANG_ANALYZER_NONNULL = YES;
				CLANG_ANALYZER_NUMBER_OBJECT_CONVERSION = YES_AGGRESSIVE;
				CLANG_CXX_LANGUAGE_STANDARD = "gnu++14";
				CLANG_CXX_LIBRARY = "libc++";
				CLANG_ENABLE_MODULES = YES;
				CLANG_ENABLE_OBJC_ARC = YES;
				CLANG_ENABLE_OBJC_WEAK = YES;
				CLANG_WARN_BLOCK_CAPTURE_AUTORELEASING = YES;
				CLANG_WARN_BOOL_CONVERSION = YES;
				CLANG_WARN_COMMA = YES;
				CLANG_WARN_CONSTANT_CONVERSION = YES;
				CLANG_WARN_DEPRECATED_OBJC_IMPLEMENTATIONS = YES;
				CLANG_WARN_DIRECT_OBJC_ISA_USAGE = YES_ERROR;
				CLANG_WARN_DOCUMENTATION_COMMENTS = YES;
				CLANG_WARN_EMPTY_BODY = YES;
				CLANG_WARN_ENUM_CONVERSION = YES;
				CLANG_WARN_INFINITE_RECURSION = YES;
				CLANG_WARN_INT_CONVERSION = YES;
				CLANG_WARN_NON_LITERAL_NULL_CONVERSION = YES;
				CLANG_WARN_OBJC_IMPLICIT_RETAIN_SELF = YES;
				CLANG_WARN_OBJC_LITERAL_CONVERSION = YES;
				CLANG_WARN_OBJC_ROOT_CLASS = YES_ERROR;
				CLANG_WARN_RANGE_LOOP_ANALYSIS = YES;
				CLANG_WARN_STRICT_PROTOTYPES = YES;
				CLANG_WARN_SUSPICIOUS_MOVE = YES;
				CLANG_WARN_UNGUARDED_AVAILABILITY = YES_AGGRESSIVE;
				CLANG_WARN_UNREACHABLE_CODE = YES;
				CLANG_WARN__DUPLICATE_METHOD_MATCH = YES;
				COPY_PHASE_STRIP = NO;
				DEBUG_INFORMATION_FORMAT = dwarf;
				ENABLE_STRICT_OBJC_MSGSEND = YES;
				ENABLE_TESTABILITY = YES;
				GCC_C_LANGUAGE_STANDARD = gnu11;
				GCC_DYNAMIC_NO_PIC = NO;
				GCC_NO_COMMON_BLOCKS = YES;
				GCC_OPTIMIZATION_LEVEL = 0;
				GCC_PREPROCESSOR_DEFINITIONS = (
					"DEBUG=1",
					"$(inherited)",
				);
				GCC_WARN_64_TO_32_BIT_CONVERSION = YES;
				GCC_WARN_ABOUT_RETURN_TYPE = YES_ERROR;
				GCC_WARN_UNDECLARED_SELECTOR = YES;
				GCC_WARN_UNINITIALIZED_AUTOS = YES_AGGRESSIVE;
				GCC_WARN_UNUSED_FUNCTION = YES;
				GCC_WARN_UNUSED_VARIABLE = YES;
				IPHONEOS_DEPLOYMENT_TARGET = 13.2;
				MTL_ENABLE_DEBUG_INFO = INCLUDE_SOURCE;
				MTL_FAST_MATH = YES;
				ONLY_ACTIVE_ARCH = YES;
				SDKROOT = iphoneos;
				SWIFT_ACTIVE_COMPILATION_CONDITIONS = DEBUG;
				SWIFT_OPTIMIZATION_LEVEL = "-Onone";
			};
			name = Debug;
		};
		F6BEABE4240859B800FF7E5F /* Release */ = {
			isa = XCBuildConfiguration;
			buildSettings = {
				ALWAYS_SEARCH_USER_PATHS = NO;
				CLANG_ANALYZER_NONNULL = YES;
				CLANG_ANALYZER_NUMBER_OBJECT_CONVERSION = YES_AGGRESSIVE;
				CLANG_CXX_LANGUAGE_STANDARD = "gnu++14";
				CLANG_CXX_LIBRARY = "libc++";
				CLANG_ENABLE_MODULES = YES;
				CLANG_ENABLE_OBJC_ARC = YES;
				CLANG_ENABLE_OBJC_WEAK = YES;
				CLANG_WARN_BLOCK_CAPTURE_AUTORELEASING = YES;
				CLANG_WARN_BOOL_CONVERSION = YES;
				CLANG_WARN_COMMA = YES;
				CLANG_WARN_CONSTANT_CONVERSION = YES;
				CLANG_WARN_DEPRECATED_OBJC_IMPLEMENTATIONS = YES;
				CLANG_WARN_DIRECT_OBJC_ISA_USAGE = YES_ERROR;
				CLANG_WARN_DOCUMENTATION_COMMENTS = YES;
				CLANG_WARN_EMPTY_BODY = YES;
				CLANG_WARN_ENUM_CONVERSION = YES;
				CLANG_WARN_INFINITE_RECURSION = YES;
				CLANG_WARN_INT_CONVERSION = YES;
				CLANG_WARN_NON_LITERAL_NULL_CONVERSION = YES;
				CLANG_WARN_OBJC_IMPLICIT_RETAIN_SELF = YES;
				CLANG_WARN_OBJC_LITERAL_CONVERSION = YES;
				CLANG_WARN_OBJC_ROOT_CLASS = YES_ERROR;
				CLANG_WARN_RANGE_LOOP_ANALYSIS = YES;
				CLANG_WARN_STRICT_PROTOTYPES = YES;
				CLANG_WARN_SUSPICIOUS_MOVE = YES;
				CLANG_WARN_UNGUARDED_AVAILABILITY = YES_AGGRESSIVE;
				CLANG_WARN_UNREACHABLE_CODE = YES;
				CLANG_WARN__DUPLICATE_METHOD_MATCH = YES;
				COPY_PHASE_STRIP = NO;
				DEBUG_INFORMATION_FORMAT = "dwarf-with-dsym";
				ENABLE_NS_ASSERTIONS = NO;
				ENABLE_STRICT_OBJC_MSGSEND = YES;
				GCC_C_LANGUAGE_STANDARD = gnu11;
				GCC_NO_COMMON_BLOCKS = YES;
				GCC_WARN_64_TO_32_BIT_CONVERSION = YES;
				GCC_WARN_ABOUT_RETURN_TYPE = YES_ERROR;
				GCC_WARN_UNDECLARED_SELECTOR = YES;
				GCC_WARN_UNINITIALIZED_AUTOS = YES_AGGRESSIVE;
				GCC_WARN_UNUSED_FUNCTION = YES;
				GCC_WARN_UNUSED_VARIABLE = YES;
				IPHONEOS_DEPLOYMENT_TARGET = 13.2;
				MTL_ENABLE_DEBUG_INFO = NO;
				MTL_FAST_MATH = YES;
				SDKROOT = iphoneos;
				SWIFT_COMPILATION_MODE = wholemodule;
				SWIFT_OPTIMIZATION_LEVEL = "-O";
				VALIDATE_PRODUCT = YES;
			};
			name = Release;
		};
		F6BEABE6240859B800FF7E5F /* Debug */ = {
			isa = XCBuildConfiguration;
			baseConfigurationReference = E8C7D68C3078F1B494E041D6 /* Pods-Parstagram.debug.xcconfig */;
			buildSettings = {
				ASSETCATALOG_COMPILER_APPICON_NAME = AppIcon;
				CODE_SIGN_STYLE = Automatic;
				INFOPLIST_FILE = Parstagram/Info.plist;
				LD_RUNPATH_SEARCH_PATHS = (
					"$(inherited)",
					"@executable_path/Frameworks",
				);
				PRODUCT_BUNDLE_IDENTIFIER = Flix.com.Parstagram;
				PRODUCT_NAME = "$(TARGET_NAME)";
				SWIFT_VERSION = 5.0;
				TARGETED_DEVICE_FAMILY = "1,2";
			};
			name = Debug;
		};
		F6BEABE7240859B800FF7E5F /* Release */ = {
			isa = XCBuildConfiguration;
			baseConfigurationReference = E6FD3ADC7D2F38348EAF384C /* Pods-Parstagram.release.xcconfig */;
			buildSettings = {
				ASSETCATALOG_COMPILER_APPICON_NAME = AppIcon;
				CODE_SIGN_STYLE = Automatic;
				INFOPLIST_FILE = Parstagram/Info.plist;
				LD_RUNPATH_SEARCH_PATHS = (
					"$(inherited)",
					"@executable_path/Frameworks",
				);
				PRODUCT_BUNDLE_IDENTIFIER = Flix.com.Parstagram;
				PRODUCT_NAME = "$(TARGET_NAME)";
				SWIFT_VERSION = 5.0;
				TARGETED_DEVICE_FAMILY = "1,2";
			};
			name = Release;
		};
		F6BEABE9240859B800FF7E5F /* Debug */ = {
			isa = XCBuildConfiguration;
			baseConfigurationReference = 7A1F8B2B4992CBABC2D732C6 /* Pods-ParstagramTests.debug.xcconfig */;
			buildSettings = {
				ALWAYS_EMBED_SWIFT_STANDARD_LIBRARIES = YES;
				BUNDLE_LOADER = "$(TEST_HOST)";
				CODE_SIGN_STYLE = Automatic;
				INFOPLIST_FILE = ParstagramTests/Info.plist;
				IPHONEOS_DEPLOYMENT_TARGET = 13.2;
				LD_RUNPATH_SEARCH_PATHS = (
					"$(inherited)",
					"@executable_path/Frameworks",
					"@loader_path/Frameworks",
				);
				PRODUCT_BUNDLE_IDENTIFIER = Flix.com.ParstagramTests;
				PRODUCT_NAME = "$(TARGET_NAME)";
				SWIFT_VERSION = 5.0;
				TARGETED_DEVICE_FAMILY = "1,2";
				TEST_HOST = "$(BUILT_PRODUCTS_DIR)/Parstagram.app/Parstagram";
			};
			name = Debug;
		};
		F6BEABEA240859B800FF7E5F /* Release */ = {
			isa = XCBuildConfiguration;
			baseConfigurationReference = 42472DBC585E83DD13BCD323 /* Pods-ParstagramTests.release.xcconfig */;
			buildSettings = {
				ALWAYS_EMBED_SWIFT_STANDARD_LIBRARIES = YES;
				BUNDLE_LOADER = "$(TEST_HOST)";
				CODE_SIGN_STYLE = Automatic;
				INFOPLIST_FILE = ParstagramTests/Info.plist;
				IPHONEOS_DEPLOYMENT_TARGET = 13.2;
				LD_RUNPATH_SEARCH_PATHS = (
					"$(inherited)",
					"@executable_path/Frameworks",
					"@loader_path/Frameworks",
				);
				PRODUCT_BUNDLE_IDENTIFIER = Flix.com.ParstagramTests;
				PRODUCT_NAME = "$(TARGET_NAME)";
				SWIFT_VERSION = 5.0;
				TARGETED_DEVICE_FAMILY = "1,2";
				TEST_HOST = "$(BUILT_PRODUCTS_DIR)/Parstagram.app/Parstagram";
			};
			name = Release;
		};
		F6BEABEC240859B800FF7E5F /* Debug */ = {
			isa = XCBuildConfiguration;
			baseConfigurationReference = 89F85D787E8B1CC53A8EFC7D /* Pods-Parstagram-ParstagramUITests.debug.xcconfig */;
			buildSettings = {
				ALWAYS_EMBED_SWIFT_STANDARD_LIBRARIES = YES;
				CODE_SIGN_STYLE = Automatic;
				INFOPLIST_FILE = ParstagramUITests/Info.plist;
				LD_RUNPATH_SEARCH_PATHS = (
					"$(inherited)",
					"@executable_path/Frameworks",
					"@loader_path/Frameworks",
				);
				PRODUCT_BUNDLE_IDENTIFIER = Flix.com.ParstagramUITests;
				PRODUCT_NAME = "$(TARGET_NAME)";
				SWIFT_VERSION = 5.0;
				TARGETED_DEVICE_FAMILY = "1,2";
				TEST_TARGET_NAME = Parstagram;
			};
			name = Debug;
		};
		F6BEABED240859B800FF7E5F /* Release */ = {
			isa = XCBuildConfiguration;
			baseConfigurationReference = 8F5FE0B3F7E2D0C33DEE55F4 /* Pods-Parstagram-ParstagramUITests.release.xcconfig */;
			buildSettings = {
				ALWAYS_EMBED_SWIFT_STANDARD_LIBRARIES = YES;
				CODE_SIGN_STYLE = Automatic;
				INFOPLIST_FILE = ParstagramUITests/Info.plist;
				LD_RUNPATH_SEARCH_PATHS = (
					"$(inherited)",
					"@executable_path/Frameworks",
					"@loader_path/Frameworks",
				);
				PRODUCT_BUNDLE_IDENTIFIER = Flix.com.ParstagramUITests;
				PRODUCT_NAME = "$(TARGET_NAME)";
				SWIFT_VERSION = 5.0;
				TARGETED_DEVICE_FAMILY = "1,2";
				TEST_TARGET_NAME = Parstagram;
			};
			name = Release;
		};
/* End XCBuildConfiguration section */

/* Begin XCConfigurationList section */
		F6BEABB6240859B600FF7E5F /* Build configuration list for PBXProject "Parstagram" */ = {
			isa = XCConfigurationList;
			buildConfigurations = (
				F6BEABE3240859B800FF7E5F /* Debug */,
				F6BEABE4240859B800FF7E5F /* Release */,
			);
			defaultConfigurationIsVisible = 0;
			defaultConfigurationName = Release;
		};
		F6BEABE5240859B800FF7E5F /* Build configuration list for PBXNativeTarget "Parstagram" */ = {
			isa = XCConfigurationList;
			buildConfigurations = (
				F6BEABE6240859B800FF7E5F /* Debug */,
				F6BEABE7240859B800FF7E5F /* Release */,
			);
			defaultConfigurationIsVisible = 0;
			defaultConfigurationName = Release;
		};
		F6BEABE8240859B800FF7E5F /* Build configuration list for PBXNativeTarget "ParstagramTests" */ = {
			isa = XCConfigurationList;
			buildConfigurations = (
				F6BEABE9240859B800FF7E5F /* Debug */,
				F6BEABEA240859B800FF7E5F /* Release */,
			);
			defaultConfigurationIsVisible = 0;
			defaultConfigurationName = Release;
		};
		F6BEABEB240859B800FF7E5F /* Build configuration list for PBXNativeTarget "ParstagramUITests" */ = {
			isa = XCConfigurationList;
			buildConfigurations = (
				F6BEABEC240859B800FF7E5F /* Debug */,
				F6BEABED240859B800FF7E5F /* Release */,
			);
			defaultConfigurationIsVisible = 0;
			defaultConfigurationName = Release;
		};
/* End XCConfigurationList section */
	};
	rootObject = F6BEABB3240859B600FF7E5F /* Project object */;
}
